
Microsoft Visual Studio Solution File, Format Version 12.00
# Visual Studio Version 16
VisualStudioVersion = 16.0.30320.27
MinimumVisualStudioVersion = 10.0.40219.1
Project("{9A19103F-16F7-4668-BE54-9A1E7A4F7556}") = "Identity.Service", "Identity.Service\Identity.Service.csproj", "{10DFD3E6-08F0-4DC9-9C57-1E0F7919B351}"
EndProject
Project("{9A19103F-16F7-4668-BE54-9A1E7A4F7556}") = "Identity.Framework", "Identity.Framework\Identity.Framework.csproj", "{14289CE4-7EA2-4D13-9F1B-A2A0696675F1}"
EndProject
Project("{9A19103F-16F7-4668-BE54-9A1E7A4F7556}") = "CitoStatsService", "CitoStatsService\CitoStatsService.csproj", "{9821D864-7D93-452B-B605-08B245DC24B7}"
EndProject
Project("{2150E333-8FDC-42A3-9474-1A3956D46DE8}") = "Identity", "Identity", "{6EB530B0-B8D8-4BD6-9AA4-A7C29B1BDCDE}"
EndProject
Global
	GlobalSection(SolutionConfigurationPlatforms) = preSolution
		Debug|Any CPU = Debug|Any CPU
		Release|Any CPU = Release|Any CPU
	EndGlobalSection
	GlobalSection(ProjectConfigurationPlatforms) = postSolution
		{10DFD3E6-08F0-4DC9-9C57-1E0F7919B351}.Debug|Any CPU.ActiveCfg = Debug|Any CPU
		{10DFD3E6-08F0-4DC9-9C57-1E0F7919B351}.Debug|Any CPU.Build.0 = Debug|Any CPU
		{10DFD3E6-08F0-4DC9-9C57-1E0F7919B351}.Release|Any CPU.ActiveCfg = Release|Any CPU
		{10DFD3E6-08F0-4DC9-9C57-1E0F7919B351}.Release|Any CPU.Build.0 = Release|Any CPU
		{14289CE4-7EA2-4D13-9F1B-A2A0696675F1}.Debug|Any CPU.ActiveCfg = Debug|Any CPU
		{14289CE4-7EA2-4D13-9F1B-A2A0696675F1}.Debug|Any CPU.Build.0 = Debug|Any CPU
		{14289CE4-7EA2-4D13-9F1B-A2A0696675F1}.Release|Any CPU.ActiveCfg = Release|Any CPU
		{14289CE4-7EA2-4D13-9F1B-A2A0696675F1}.Release|Any CPU.Build.0 = Release|Any CPU
		{9821D864-7D93-452B-B605-08B245DC24B7}.Debug|Any CPU.ActiveCfg = Debug|Any CPU
		{9821D864-7D93-452B-B605-08B245DC24B7}.Debug|Any CPU.Build.0 = Debug|Any CPU
		{9821D864-7D93-452B-B605-08B245DC24B7}.Release|Any CPU.ActiveCfg = Release|Any CPU
		{9821D864-7D93-452B-B605-08B245DC24B7}.Release|Any CPU.Build.0 = Release|Any CPU
	EndGlobalSection
	GlobalSection(SolutionProperties) = preSolution
		HideSolutionNode = FALSE
	EndGlobalSection
	GlobalSection(NestedProjects) = preSolution
		{10DFD3E6-08F0-4DC9-9C57-1E0F7919B351} = {6EB530B0-B8D8-4BD6-9AA4-A7C29B1BDCDE}
		{14289CE4-7EA2-4D13-9F1B-A2A0696675F1} = {6EB530B0-B8D8-4BD6-9AA4-A7C29B1BDCDE}
	EndGlobalSection
	GlobalSection(ExtensibilityGlobals) = postSolution
		SolutionGuid = {010DCDCB-9279-4CE2-90E3-00D1005B4CA0}
	EndGlobalSection
EndGlobal
